
Microsoft Visual Studio Solution File, Format Version 12.00
# Visual Studio Version 17
VisualStudioVersion = 17.9.34728.123
MinimumVisualStudioVersion = 10.0.40219.1
Project("{9A19103F-16F7-4668-BE54-9A1E7A4F7556}") = "son", "son\son.csproj", "{6EE13ACB-531E-450F-917E-344BCB662E38}"
EndProject
Project("{FAE04EC0-301F-11D3-BF4B-00C04F79EFBC}") = "SonTest", "SonTest\SonTest.csproj", "{47BE8EB9-00D3-4210-B8A0-29A73074CCED}"
EndProject
Global
	GlobalSection(SolutionConfigurationPlatforms) = preSolution
		Debug|Any CPU = Debug|Any CPU
		Release|Any CPU = Release|Any CPU
	EndGlobalSection
	GlobalSection(ProjectConfigurationPlatforms) = postSolution
		{6EE13ACB-531E-450F-917E-344BCB662E38}.Debug|Any CPU.ActiveCfg = Debug|Any CPU
		{6EE13ACB-531E-450F-917E-344BCB662E38}.Debug|Any CPU.Build.0 = Debug|Any CPU
		{6EE13ACB-531E-450F-917E-344BCB662E38}.Release|Any CPU.ActiveCfg = Release|Any CPU
		{6EE13ACB-531E-450F-917E-344BCB662E38}.Release|Any CPU.Build.0 = Release|Any CPU
		{47BE8EB9-00D3-4210-B8A0-29A73074CCED}.Debug|Any CPU.ActiveCfg = Debug|Any CPU
		{47BE8EB9-00D3-4210-B8A0-29A73074CCED}.Debug|Any CPU.Build.0 = Debug|Any CPU
		{47BE8EB9-00D3-4210-B8A0-29A73074CCED}.Release|Any CPU.ActiveCfg = Release|Any CPU
		{47BE8EB9-00D3-4210-B8A0-29A73074CCED}.Release|Any CPU.Build.0 = Release|Any CPU
	EndGlobalSection
	GlobalSection(SolutionProperties) = preSolution
		HideSolutionNode = FALSE
	EndGlobalSection
	GlobalSection(ExtensibilityGlobals) = postSolution
		SolutionGuid = {D4D0B33C-1DF5-4810-AA7D-8CC1BBAC5C71}
	EndGlobalSection
EndGlobal
